
Microsoft Visual Studio Solution File, Format Version 12.00
# Visual Studio 2012
Project("{FAE04EC0-301F-11D3-BF4B-00C04F79EFBC}") = "Poker", "Poker.csproj", "{28FE6BA3-4622-406E-81C4-419B0D2368F9}"
EndProject
Project("{FAE04EC0-301F-11D3-BF4B-00C04F79EFBC}") = "TestPoker", "..\TestPoker\TestPoker.csproj", "{D8962EE5-9888-4767-A17B-9DC87DCBFE20}"
EndProject
Project("{7CF6DF6D-3B04-46F8-A40B-537D21BCA0B4}") = "PokerDocumentation", "PokerDocumentation\PokerDocumentation.shfbproj", "{1B40D67F-154F-49BD-8D75-50A865250DBE}"
EndProject
Global
	GlobalSection(SolutionConfigurationPlatforms) = preSolution
		Debug|Any CPU = Debug|Any CPU
		Release|Any CPU = Release|Any CPU
	EndGlobalSection
	GlobalSection(ProjectConfigurationPlatforms) = postSolution
		{28FE6BA3-4622-406E-81C4-419B0D2368F9}.Debug|Any CPU.ActiveCfg = Debug|Any CPU
		{28FE6BA3-4622-406E-81C4-419B0D2368F9}.Debug|Any CPU.Build.0 = Debug|Any CPU
		{28FE6BA3-4622-406E-81C4-419B0D2368F9}.Release|Any CPU.ActiveCfg = Release|Any CPU
		{28FE6BA3-4622-406E-81C4-419B0D2368F9}.Release|Any CPU.Build.0 = Release|Any CPU
		{D8962EE5-9888-4767-A17B-9DC87DCBFE20}.Debug|Any CPU.ActiveCfg = Debug|Any CPU
		{D8962EE5-9888-4767-A17B-9DC87DCBFE20}.Debug|Any CPU.Build.0 = Debug|Any CPU
		{D8962EE5-9888-4767-A17B-9DC87DCBFE20}.Release|Any CPU.ActiveCfg = Release|Any CPU
		{D8962EE5-9888-4767-A17B-9DC87DCBFE20}.Release|Any CPU.Build.0 = Release|Any CPU
		{1B40D67F-154F-49BD-8D75-50A865250DBE}.Debug|Any CPU.ActiveCfg = Debug|Any CPU
		{1B40D67F-154F-49BD-8D75-50A865250DBE}.Debug|Any CPU.Build.0 = Debug|Any CPU
		{1B40D67F-154F-49BD-8D75-50A865250DBE}.Release|Any CPU.ActiveCfg = Release|Any CPU
		{1B40D67F-154F-49BD-8D75-50A865250DBE}.Release|Any CPU.Build.0 = Release|Any CPU
	EndGlobalSection
	GlobalSection(SolutionProperties) = preSolution
		HideSolutionNode = FALSE
	EndGlobalSection
EndGlobal
